
Microsoft Visual Studio Solution File, Format Version 12.00
# Visual Studio 2012
Project("{FAE04EC0-301F-11D3-BF4B-00C04F79EFBC}") = "ListViewScrollToBug", "ListViewScrollToBug\ListViewScrollToBug.csproj", "{34BAEAF2-1DFD-43E9-B336-62B00F01785C}"
EndProject
Project("{FAE04EC0-301F-11D3-BF4B-00C04F79EFBC}") = "ListViewScrollToBug.iOS", "iOS\ListViewScrollToBug.iOS.csproj", "{C01203B4-FC9E-4440-B67B-4CB13DE68989}"
EndProject
Global
	GlobalSection(SolutionConfigurationPlatforms) = preSolution
		Debug|Any CPU = Debug|Any CPU
		Release|Any CPU = Release|Any CPU
		Debug|iPhoneSimulator = Debug|iPhoneSimulator
		Release|iPhone = Release|iPhone
		Release|iPhoneSimulator = Release|iPhoneSimulator
		Debug|iPhone = Debug|iPhone
	EndGlobalSection
	GlobalSection(ProjectConfigurationPlatforms) = postSolution
		{34BAEAF2-1DFD-43E9-B336-62B00F01785C}.Debug|Any CPU.ActiveCfg = Debug|Any CPU
		{34BAEAF2-1DFD-43E9-B336-62B00F01785C}.Debug|Any CPU.Build.0 = Debug|Any CPU
		{34BAEAF2-1DFD-43E9-B336-62B00F01785C}.Release|Any CPU.ActiveCfg = Release|Any CPU
		{34BAEAF2-1DFD-43E9-B336-62B00F01785C}.Release|Any CPU.Build.0 = Release|Any CPU
		{34BAEAF2-1DFD-43E9-B336-62B00F01785C}.Debug|iPhoneSimulator.ActiveCfg = Debug|Any CPU
		{34BAEAF2-1DFD-43E9-B336-62B00F01785C}.Debug|iPhoneSimulator.Build.0 = Debug|Any CPU
		{34BAEAF2-1DFD-43E9-B336-62B00F01785C}.Release|iPhone.ActiveCfg = Release|Any CPU
		{34BAEAF2-1DFD-43E9-B336-62B00F01785C}.Release|iPhone.Build.0 = Release|Any CPU
		{34BAEAF2-1DFD-43E9-B336-62B00F01785C}.Release|iPhoneSimulator.ActiveCfg = Release|Any CPU
		{34BAEAF2-1DFD-43E9-B336-62B00F01785C}.Release|iPhoneSimulator.Build.0 = Release|Any CPU
		{34BAEAF2-1DFD-43E9-B336-62B00F01785C}.Debug|iPhone.ActiveCfg = Debug|Any CPU
		{34BAEAF2-1DFD-43E9-B336-62B00F01785C}.Debug|iPhone.Build.0 = Debug|Any CPU
		{C01203B4-FC9E-4440-B67B-4CB13DE68989}.Debug|Any CPU.ActiveCfg = Debug|iPhoneSimulator
		{C01203B4-FC9E-4440-B67B-4CB13DE68989}.Debug|Any CPU.Build.0 = Debug|iPhoneSimulator
		{C01203B4-FC9E-4440-B67B-4CB13DE68989}.Release|Any CPU.ActiveCfg = Release|iPhone
		{C01203B4-FC9E-4440-B67B-4CB13DE68989}.Release|Any CPU.Build.0 = Release|iPhone
		{C01203B4-FC9E-4440-B67B-4CB13DE68989}.Debug|iPhoneSimulator.ActiveCfg = Debug|iPhoneSimulator
		{C01203B4-FC9E-4440-B67B-4CB13DE68989}.Debug|iPhoneSimulator.Build.0 = Debug|iPhoneSimulator
		{C01203B4-FC9E-4440-B67B-4CB13DE68989}.Release|iPhone.ActiveCfg = Release|iPhone
		{C01203B4-FC9E-4440-B67B-4CB13DE68989}.Release|iPhone.Build.0 = Release|iPhone
		{C01203B4-FC9E-4440-B67B-4CB13DE68989}.Release|iPhoneSimulator.ActiveCfg = Release|iPhoneSimulator
		{C01203B4-FC9E-4440-B67B-4CB13DE68989}.Release|iPhoneSimulator.Build.0 = Release|iPhoneSimulator
		{C01203B4-FC9E-4440-B67B-4CB13DE68989}.Debug|iPhone.ActiveCfg = Debug|iPhone
		{C01203B4-FC9E-4440-B67B-4CB13DE68989}.Debug|iPhone.Build.0 = Debug|iPhone
	EndGlobalSection
EndGlobal
